// !$*UTF8*$!
{
	archiveVersion = 1;
	classes = {
	};
	objectVersion = 46;
	objects = {

/* Begin PBXBuildFile section */
		BC8EC22D1EC456D0005F2AC8 /* AppDelegate.swift in Sources */ = {isa = PBXBuildFile; fileRef = BC8EC22C1EC456D0005F2AC8 /* AppDelegate.swift */; };
		BC8EC22F1EC456D0005F2AC8 /* ViewController.swift in Sources */ = {isa = PBXBuildFile; fileRef = BC8EC22E1EC456D0005F2AC8 /* ViewController.swift */; };
		BC8EC2321EC456D0005F2AC8 /* Main.storyboard in Resources */ = {isa = PBXBuildFile; fileRef = BC8EC2301EC456D0005F2AC8 /* Main.storyboard */; };
		BC8EC2341EC456D0005F2AC8 /* Assets.xcassets in Resources */ = {isa = PBXBuildFile; fileRef = BC8EC2331EC456D0005F2AC8 /* Assets.xcassets */; };
		BC8EC2371EC456D0005F2AC8 /* LaunchScreen.storyboard in Resources */ = {isa = PBXBuildFile; fileRef = BC8EC2351EC456D0005F2AC8 /* LaunchScreen.storyboard */; };
		BC8EC23F1EC45800005F2AC8 /* past.swift in Sources */ = {isa = PBXBuildFile; fileRef = BC8EC23E1EC45800005F2AC8 /* past.swift */; };
		BC8EC2411EC4580A005F2AC8 /* oneViewController.swift in Sources */ = {isa = PBXBuildFile; fileRef = BC8EC2401EC4580A005F2AC8 /* oneViewController.swift */; };
		BC8EC2431EC45813005F2AC8 /* centerViewController.swift in Sources */ = {isa = PBXBuildFile; fileRef = BC8EC2421EC45813005F2AC8 /* centerViewController.swift */; };
		BC8EC2451EC45823005F2AC8 /* twoViewController.swift in Sources */ = {isa = PBXBuildFile; fileRef = BC8EC2441EC45823005F2AC8 /* twoViewController.swift */; };
/* End PBXBuildFile section */

/* Begin PBXFileReference section */
		BC8EC2291EC456D0005F2AC8 /* ContainerViewInsideScroll.app */ = {isa = PBXFileReference; explicitFileType = wrapper.application; includeInIndex = 0; path = ContainerViewInsideScroll.app; sourceTree = BUILT_PRODUCTS_DIR; };
		BC8EC22C1EC456D0005F2AC8 /* AppDelegate.swift */ = {isa = PBXFileReference; lastKnownFileType = sourcecode.swift; path = AppDelegate.swift; sourceTree = "<group>"; };
		BC8EC22E1EC456D0005F2AC8 /* ViewController.swift */ = {isa = PBXFileReference; lastKnownFileType = sourcecode.swift; path = ViewController.swift; sourceTree = "<group>"; };
		BC8EC2311EC456D0005F2AC8 /* Base */ = {isa = PBXFileReference; lastKnownFileType = file.storyboard; name = Base; path = Base.lproj/Main.storyboard; sourceTree = "<group>"; };
		BC8EC2331EC456D0005F2AC8 /* Assets.xcassets */ = {isa = PBXFileReference; lastKnownFileType = folder.assetcatalog; path = Assets.xcassets; sourceTree = "<group>"; };
		BC8EC2361EC456D0005F2AC8 /* Base */ = {isa = PBXFileReference; lastKnownFileType = file.storyboard; name = Base; path = Base.lproj/LaunchScreen.storyboard; sourceTree = "<group>"; };
		BC8EC2381EC456D0005F2AC8 /* Info.plist */ = {isa = PBXFileReference; lastKnownFileType = text.plist.xml; path = Info.plist; sourceTree = "<group>"; };
		BC8EC23E1EC45800005F2AC8 /* past.swift */ = {isa = PBXFileReference; fileEncoding = 4; lastKnownFileType = sourcecode.swift; path = past.swift; sourceTree = "<group>"; };
		BC8EC2401EC4580A005F2AC8 /* oneViewController.swift */ = {isa = PBXFileReference; fileEncoding = 4; lastKnownFileType = sourcecode.swift; path = oneViewController.swift; sourceTree = "<group>"; };
		BC8EC2421EC45813005F2AC8 /* centerViewController.swift */ = {isa = PBXFileReference; fileEncoding = 4; lastKnownFileType = sourcecode.swift; path = centerViewController.swift; sourceTree = "<group>"; };
		BC8EC2441EC45823005F2AC8 /* twoViewController.swift */ = {isa = PBXFileReference; fileEncoding = 4; lastKnownFileType = sourcecode.swift; path = twoViewController.swift; sourceTree = "<group>"; };
/* End PBXFileReference section */

/* Begin PBXFrameworksBuildPhase section */
		BC8EC2261EC456D0005F2AC8 /* Frameworks */ = {
			isa = PBXFrameworksBuildPhase;
			buildActionMask = 2147483647;
			files = (
			);
			runOnlyForDeploymentPostprocessing = 0;
		};
/* End PBXFrameworksBuildPhase section */

/* Begin PBXGroup section */
		BC8EC2201EC456D0005F2AC8 = {
			isa = PBXGroup;
			children = (
				BC8EC22B1EC456D0005F2AC8 /* ContainerViewInsideScroll */,
				BC8EC22A1EC456D0005F2AC8 /* Products */,
			);
			sourceTree = "<group>";
		};
		BC8EC22A1EC456D0005F2AC8 /* Products */ = {
			isa = PBXGroup;
			children = (
				BC8EC2291EC456D0005F2AC8 /* ContainerViewInsideScroll.app */,
			);
			name = Products;
			sourceTree = "<group>";
		};
		BC8EC22B1EC456D0005F2AC8 /* ContainerViewInsideScroll */ = {
			isa = PBXGroup;
			children = (
				BC8EC22C1EC456D0005F2AC8 /* AppDelegate.swift */,
				BC8EC22E1EC456D0005F2AC8 /* ViewController.swift */,
				BC8EC23E1EC45800005F2AC8 /* past.swift */,
				BC8EC2401EC4580A005F2AC8 /* oneViewController.swift */,
				BC8EC2421EC45813005F2AC8 /* centerViewController.swift */,
				BC8EC2441EC45823005F2AC8 /* twoViewController.swift */,
				BC8EC2301EC456D0005F2AC8 /* Main.storyboard */,
				BC8EC2331EC456D0005F2AC8 /* Assets.xcassets */,
				BC8EC2351EC456D0005F2AC8 /* LaunchScreen.storyboard */,
				BC8EC2381EC456D0005F2AC8 /* Info.plist */,
			);
			path = ContainerViewInsideScroll;
			sourceTree = "<group>";
		};
/* End PBXGroup section */

/* Begin PBXNativeTarget section */
		BC8EC2281EC456D0005F2AC8 /* ContainerViewInsideScroll */ = {
			isa = PBXNativeTarget;
			buildConfigurationList = BC8EC23B1EC456D0005F2AC8 /* Build configuration list for PBXNativeTarget "ContainerViewInsideScroll" */;
			buildPhases = (
				BC8EC2251EC456D0005F2AC8 /* Sources */,
				BC8EC2261EC456D0005F2AC8 /* Frameworks */,
				BC8EC2271EC456D0005F2AC8 /* Resources */,
			);
			buildRules = (
			);
			dependencies = (
			);
			name = ContainerViewInsideScroll;
			productName = ContainerViewInsideScroll;
			productReference = BC8EC2291EC456D0005F2AC8 /* ContainerViewInsideScroll.app */;
			productType = "com.apple.product-type.application";
		};
/* End PBXNativeTarget section */

/* Begin PBXProject section */
		BC8EC2211EC456D0005F2AC8 /* Project object */ = {
			isa = PBXProject;
			attributes = {
				LastSwiftUpdateCheck = 0830;
				LastUpgradeCheck = 0830;
				ORGANIZATIONNAME = developer;
				TargetAttributes = {
					BC8EC2281EC456D0005F2AC8 = {
						CreatedOnToolsVersion = 8.3.2;
						ProvisioningStyle = Manual;
					};
				};
			};
			buildConfigurationList = BC8EC2241EC456D0005F2AC8 /* Build configuration list for PBXProject "ContainerViewInsideScroll" */;
			compatibilityVersion = "Xcode 3.2";
			developmentRegion = English;
			hasScannedForEncodings = 0;
			knownRegions = (
				en,
				Base,
			);
			mainGroup = BC8EC2201EC456D0005F2AC8;
			productRefGroup = BC8EC22A1EC456D0005F2AC8 /* Products */;
			projectDirPath = "";
			projectRoot = "";
			targets = (
				BC8EC2281EC456D0005F2AC8 /* ContainerViewInsideScroll */,
			);
		};
/* End PBXProject section */

/* Begin PBXResourcesBuildPhase section */
		BC8EC2271EC456D0005F2AC8 /* Resources */ = {
			isa = PBXResourcesBuildPhase;
			buildActionMask = 2147483647;
			files = (
				BC8EC2371EC456D0005F2AC8 /* LaunchScreen.storyboard in Resources */,
				BC8EC2341EC456D0005F2AC8 /* Assets.xcassets in Resources */,
				BC8EC2321EC456D0005F2AC8 /* Main.storyboard in Resources */,
			);
			runOnlyForDeploymentPostprocessing = 0;
		};
/* End PBXResourcesBuildPhase section */

/* Begin PBXSourcesBuildPhase section */
		BC8EC2251EC456D0005F2AC8 /* Sources */ = {
			isa = PBXSourcesBuildPhase;
			buildActionMask = 2147483647;
			files = (
				BC8EC2431EC45813005F2AC8 /* centerViewController.swift in Sources */,
				BC8EC2451EC45823005F2AC8 /* twoViewController.swift in Sources */,
				BC8EC22F1EC456D0005F2AC8 /* ViewController.swift in Sources */,
				BC8EC23F1EC45800005F2AC8 /* past.swift in Sources */,
				BC8EC22D1EC456D0005F2AC8 /* AppDelegate.swift in Sources */,
				BC8EC2411EC4580A005F2AC8 /* oneViewController.swift in Sources */,
			);
			runOnlyForDeploymentPostprocessing = 0;
		};
/* End PBXSourcesBuildPhase section */

/* Begin PBXVariantGroup section */
		BC8EC2301EC456D0005F2AC8 /* Main.storyboard */ = {
			isa = PBXVariantGroup;
			children = (
				BC8EC2311EC456D0005F2AC8 /* Base */,
			);
			name = Main.storyboard;
			sourceTree = "<group>";
		};
		BC8EC2351EC456D0005F2AC8 /* LaunchScreen.storyboard */ = {
			isa = PBXVariantGroup;
			children = (
				BC8EC2361EC456D0005F2AC8 /* Base */,
			);
			name = LaunchScreen.storyboard;
			sourceTree = "<group>";
		};
/* End PBXVariantGroup section */

/* Begin XCBuildConfiguration section */
		BC8EC2391EC456D0005F2AC8 /* Debug */ = {
			isa = XCBuildConfiguration;
			buildSettings = {
				ALWAYS_SEARCH_USER_PATHS = NO;
				CLANG_ANALYZER_NONNULL = YES;
				CLANG_ANALYZER_NUMBER_OBJECT_CONVERSION = YES_AGGRESSIVE;
				CLANG_CXX_LANGUAGE_STANDARD = "gnu++0x";
				CLANG_CXX_LIBRARY = "libc++";
				CLANG_ENABLE_MODULES = YES;
				CLANG_ENABLE_OBJC_ARC = YES;
				CLANG_WARN_BOOL_CONVERSION = YES;
				CLANG_WARN_CONSTANT_CONVERSION = YES;
				CLANG_WARN_DIRECT_OBJC_ISA_USAGE = YES_ERROR;
				CLANG_WARN_DOCUMENTATION_COMMENTS = YES;
				CLANG_WARN_EMPTY_BODY = YES;
				CLANG_WARN_ENUM_CONVERSION = YES;
				CLANG_WARN_INFINITE_RECURSION = YES;
				CLANG_WARN_INT_CONVERSION = YES;
				CLANG_WARN_OBJC_ROOT_CLASS = YES_ERROR;
				CLANG_WARN_SUSPICIOUS_MOVE = YES;
				CLANG_WARN_UNREACHABLE_CODE = YES;
				CLANG_WARN__DUPLICATE_METHOD_MATCH = YES;
				"CODE_SIGN_IDENTITY[sdk=iphoneos*]" = "iPhone Developer";
				COPY_PHASE_STRIP = NO;
				DEBUG_INFORMATION_FORMAT = dwarf;
				ENABLE_STRICT_OBJC_MSGSEND = YES;
				ENABLE_TESTABILITY = YES;
				GCC_C_LANGUAGE_STANDARD = gnu99;
				GCC_DYNAMIC_NO_PIC = NO;
				GCC_NO_COMMON_BLOCKS = YES;
				GCC_OPTIMIZATION_LEVEL = 0;
				GCC_PREPROCESSOR_DEFINITIONS = (
					"DEBUG=1",
					"$(inherited)",
				);
				GCC_WARN_64_TO_32_BIT_CONVERSION = YES;
				GCC_WARN_ABOUT_RETURN_TYPE = YES_ERROR;
				GCC_WARN_UNDECLARED_SELECTOR = YES;
				GCC_WARN_UNINITIALIZED_AUTOS = YES_AGGRESSIVE;
				GCC_WARN_UNUSED_FUNCTION = YES;
				GCC_WARN_UNUSED_VARIABLE = YES;
				IPHONEOS_DEPLOYMENT_TARGET = 10.3;
				MTL_ENABLE_DEBUG_INFO = YES;
				ONLY_ACTIVE_ARCH = YES;
				SDKROOT = iphoneos;
				SWIFT_ACTIVE_COMPILATION_CONDITIONS = DEBUG;
				SWIFT_OPTIMIZATION_LEVEL = "-Onone";
				TARGETED_DEVICE_FAMILY = "1,2";
			};
			name = Debug;
		};
		BC8EC23A1EC456D0005F2AC8 /* Release */ = {
			isa = XCBuildConfiguration;
			buildSettings = {
				ALWAYS_SEARCH_USER_PATHS = NO;
				CLANG_ANALYZER_NONNULL = YES;
				CLANG_ANALYZER_NUMBER_OBJECT_CONVERSION = YES_AGGRESSIVE;
				CLANG_CXX_LANGUAGE_STANDARD = "gnu++0x";
				CLANG_CXX_LIBRARY = "libc++";
				CLANG_ENABLE_MODULES = YES;
				CLANG_ENABLE_OBJC_ARC = YES;
				CLANG_WARN_BOOL_CONVERSION = YES;
				CLANG_WARN_CONSTANT_CONVERSION = YES;
				CLANG_WARN_DIRECT_OBJC_ISA_USAGE = YES_ERROR;
				CLANG_WARN_DOCUMENTATION_COMMENTS = YES;
				CLANG_WARN_EMPTY_BODY = YES;
				CLANG_WARN_ENUM_CONVERSION = YES;
				CLANG_WARN_INFINITE_RECURSION = YES;
				CLANG_WARN_INT_CONVERSION = YES;
				CLANG_WARN_OBJC_ROOT_CLASS = YES_ERROR;
				CLANG_WARN_SUSPICIOUS_MOVE = YES;
				CLANG_WARN_UNREACHABLE_CODE = YES;
				CLANG_WARN__DUPLICATE_METHOD_MATCH = YES;
				"CODE_SIGN_IDENTITY[sdk=iphoneos*]" = "iPhone Developer";
				COPY_PHASE_STRIP = NO;
				DEBUG_INFORMATION_FORMAT = "dwarf-with-dsym";
				ENABLE_NS_ASSERTIONS = NO;
				ENABLE_STRICT_OBJC_MSGSEND = YES;
				GCC_C_LANGUAGE_STANDARD = gnu99;
				GCC_NO_COMMON_BLOCKS = YES;
				GCC_WARN_64_TO_32_BIT_CONVERSION = YES;
				GCC_WARN_ABOUT_RETURN_TYPE = YES_ERROR;
				GCC_WARN_UNDECLARED_SELECTOR = YES;
				GCC_WARN_UNINITIALIZED_AUTOS = YES_AGGRESSIVE;
				GCC_WARN_UNUSED_FUNCTION = YES;
				GCC_WARN_UNUSED_VARIABLE = YES;
				IPHONEOS_DEPLOYMENT_TARGET = 10.3;
				MTL_ENABLE_DEBUG_INFO = NO;
				SDKROOT = iphoneos;
				SWIFT_OPTIMIZATION_LEVEL = "-Owholemodule";
				TARGETED_DEVICE_FAMILY = "1,2";
				VALIDATE_PRODUCT = YES;
			};
			name = Release;
		};
		BC8EC23C1EC456D0005F2AC8 /* Debug */ = {
			isa = XCBuildConfiguration;
			buildSettings = {
				ASSETCATALOG_COMPILER_APPICON_NAME = AppIcon;
				ASSETCATALOG_COMPILER_LAUNCHIMAGE_NAME = LaunchImage;
				DEVELOPMENT_TEAM = "";
				INFOPLIST_FILE = ContainerViewInsideScroll/Info.plist;
				LD_RUNPATH_SEARCH_PATHS = "$(inherited) @executable_path/Frameworks";
				PRODUCT_BUNDLE_IDENTIFIER = swift.ContainerViewInsideScroll;
				PRODUCT_NAME = "$(TARGET_NAME)";
				PROVISIONING_PROFILE_SPECIFIER = "";
				SWIFT_VERSION = 3.0;
			};
			name = Debug;
		};
		BC8EC23D1EC456D0005F2AC8 /* Release */ = {
			isa = XCBuildConfiguration;
			buildSettings = {
				ASSETCATALOG_COMPILER_APPICON_NAME = AppIcon;
				ASSETCATALOG_COMPILER_LAUNCHIMAGE_NAME = LaunchImage;
				DEVELOPMENT_TEAM = "";
				INFOPLIST_FILE = ContainerViewInsideScroll/Info.plist;
				LD_RUNPATH_SEARCH_PATHS = "$(inherited) @executable_path/Frameworks";
				PRODUCT_BUNDLE_IDENTIFIER = swift.ContainerViewInsideScroll;
				PRODUCT_NAME = "$(TARGET_NAME)";
				PROVISIONING_PROFILE_SPECIFIER = "";
				SWIFT_VERSION = 3.0;
			};
			name = Release;
		};
/* End XCBuildConfiguration section */

/* Begin XCConfigurationList section */
		BC8EC2241EC456D0005F2AC8 /* Build configuration list for PBXProject "ContainerViewInsideScroll" */ = {
			isa = XCConfigurationList;
			buildConfigurations = (
				BC8EC2391EC456D0005F2AC8 /* Debug */,
				BC8EC23A1EC456D0005F2AC8 /* Release */,
			);
			defaultConfigurationIsVisible = 0;
			defaultConfigurationName = Release;
		};
		BC8EC23B1EC456D0005F2AC8 /* Build configuration list for PBXNativeTarget "ContainerViewInsideScroll" */ = {
			isa = XCConfigurationList;
			buildConfigurations = (
				BC8EC23C1EC456D0005F2AC8 /* Debug */,
				BC8EC23D1EC456D0005F2AC8 /* Release */,
			);
			defaultConfigurationIsVisible = 0;
		};
/* End XCConfigurationList section */
	};
	rootObject = BC8EC2211EC456D0005F2AC8 /* Project object */;
}
